// !$*UTF8*$!
{
	archiveVersion = 1;
	classes = {
	};
	objectVersion = 56;
	objects = {

/* Begin PBXBuildFile section */
		95FF4B1329AF8A790085F584 /* HealthTabsApp.swift in Sources */ = {isa = PBXBuildFile; fileRef = 95FF4B1229AF8A790085F584 /* HealthTabsApp.swift */; };
		95FF4B1529AF8A790085F584 /* ContentView.swift in Sources */ = {isa = PBXBuildFile; fileRef = 95FF4B1429AF8A790085F584 /* ContentView.swift */; };
		95FF4B1729AF8A7B0085F584 /* Assets.xcassets in Resources */ = {isa = PBXBuildFile; fileRef = 95FF4B1629AF8A7B0085F584 /* Assets.xcassets */; };
		95FF4B1A29AF8A7B0085F584 /* Preview Assets.xcassets in Resources */ = {isa = PBXBuildFile; fileRef = 95FF4B1929AF8A7B0085F584 /* Preview Assets.xcassets */; };
		95FF4B2429AF8A7B0085F584 /* HealthTabsTests.swift in Sources */ = {isa = PBXBuildFile; fileRef = 95FF4B2329AF8A7B0085F584 /* HealthTabsTests.swift */; };
		95FF4B2E29AF8A7B0085F584 /* HealthTabsUITests.swift in Sources */ = {isa = PBXBuildFile; fileRef = 95FF4B2D29AF8A7B0085F584 /* HealthTabsUITests.swift */; };
		95FF4B3029AF8A7B0085F584 /* HealthTabsUITestsLaunchTests.swift in Sources */ = {isa = PBXBuildFile; fileRef = 95FF4B2F29AF8A7B0085F584 /* HealthTabsUITestsLaunchTests.swift */; };
		95FF4B4529AF8DCD0085F584 /* CovidView.swift in Sources */ = {isa = PBXBuildFile; fileRef = 95FF4B4429AF8DCD0085F584 /* CovidView.swift */; };
		95FF4B4729AF8DDA0085F584 /* HealthView.swift in Sources */ = {isa = PBXBuildFile; fileRef = 95FF4B4629AF8DDA0085F584 /* HealthView.swift */; };
		95FF4B4929AF8E5B0085F584 /* TabItem.swift in Sources */ = {isa = PBXBuildFile; fileRef = 95FF4B4829AF8E5B0085F584 /* TabItem.swift */; };
		95FF4B4B29AF91650085F584 /* Constants.swift in Sources */ = {isa = PBXBuildFile; fileRef = 95FF4B4A29AF91650085F584 /* Constants.swift */; };
		95FF4B5029AF96F80085F584 /* Color+Helper.swift in Sources */ = {isa = PBXBuildFile; fileRef = 95FF4B4F29AF96F80085F584 /* Color+Helper.swift */; };
		95FF4B5229AF9B900085F584 /* TabItemView.swift in Sources */ = {isa = PBXBuildFile; fileRef = 95FF4B5129AF9B900085F584 /* TabItemView.swift */; };
/* End PBXBuildFile section */

/* Begin PBXContainerItemProxy section */
		95FF4B2029AF8A7B0085F584 /* PBXContainerItemProxy */ = {
			isa = PBXContainerItemProxy;
			containerPortal = 95FF4B0729AF8A790085F584 /* Project object */;
			proxyType = 1;
			remoteGlobalIDString = 95FF4B0E29AF8A790085F584;
			remoteInfo = HealthTabs;
		};
		95FF4B2A29AF8A7B0085F584 /* PBXContainerItemProxy */ = {
			isa = PBXContainerItemProxy;
			containerPortal = 95FF4B0729AF8A790085F584 /* Project object */;
			proxyType = 1;
			remoteGlobalIDString = 95FF4B0E29AF8A790085F584;
			remoteInfo = HealthTabs;
		};
/* End PBXContainerItemProxy section */

/* Begin PBXFileReference section */
		95FF4B0F29AF8A790085F584 /* HealthTabs.app */ = {isa = PBXFileReference; explicitFileType = wrapper.application; includeInIndex = 0; path = HealthTabs.app; sourceTree = BUILT_PRODUCTS_DIR; };
		95FF4B1229AF8A790085F584 /* HealthTabsApp.swift */ = {isa = PBXFileReference; lastKnownFileType = sourcecode.swift; path = HealthTabsApp.swift; sourceTree = "<group>"; };
		95FF4B1429AF8A790085F584 /* ContentView.swift */ = {isa = PBXFileReference; lastKnownFileType = sourcecode.swift; path = ContentView.swift; sourceTree = "<group>"; };
		95FF4B1629AF8A7B0085F584 /* Assets.xcassets */ = {isa = PBXFileReference; lastKnownFileType = folder.assetcatalog; path = Assets.xcassets; sourceTree = "<group>"; };
		95FF4B1929AF8A7B0085F584 /* Preview Assets.xcassets */ = {isa = PBXFileReference; lastKnownFileType = folder.assetcatalog; path = "Preview Assets.xcassets"; sourceTree = "<group>"; };
		95FF4B1F29AF8A7B0085F584 /* HealthTabsTests.xctest */ = {isa = PBXFileReference; explicitFileType = wrapper.cfbundle; includeInIndex = 0; path = HealthTabsTests.xctest; sourceTree = BUILT_PRODUCTS_DIR; };
		95FF4B2329AF8A7B0085F584 /* HealthTabsTests.swift */ = {isa = PBXFileReference; lastKnownFileType = sourcecode.swift; path = HealthTabsTests.swift; sourceTree = "<group>"; };
		95FF4B2929AF8A7B0085F584 /* HealthTabsUITests.xctest */ = {isa = PBXFileReference; explicitFileType = wrapper.cfbundle; includeInIndex = 0; path = HealthTabsUITests.xctest; sourceTree = BUILT_PRODUCTS_DIR; };
		95FF4B2D29AF8A7B0085F584 /* HealthTabsUITests.swift */ = {isa = PBXFileReference; lastKnownFileType = sourcecode.swift; path = HealthTabsUITests.swift; sourceTree = "<group>"; };
		95FF4B2F29AF8A7B0085F584 /* HealthTabsUITestsLaunchTests.swift */ = {isa = PBXFileReference; lastKnownFileType = sourcecode.swift; path = HealthTabsUITestsLaunchTests.swift; sourceTree = "<group>"; };
		95FF4B3E29AF8BD00085F584 /* Task.pdf */ = {isa = PBXFileReference; lastKnownFileType = image.pdf; path = Task.pdf; sourceTree = "<group>"; };
		95FF4B3F29AF8C2A0085F584 /* Notes.md */ = {isa = PBXFileReference; lastKnownFileType = net.daringfireball.markdown; path = Notes.md; sourceTree = "<group>"; };
		95FF4B4429AF8DCD0085F584 /* CovidView.swift */ = {isa = PBXFileReference; lastKnownFileType = sourcecode.swift; path = CovidView.swift; sourceTree = "<group>"; };
		95FF4B4629AF8DDA0085F584 /* HealthView.swift */ = {isa = PBXFileReference; lastKnownFileType = sourcecode.swift; path = HealthView.swift; sourceTree = "<group>"; };
		95FF4B4829AF8E5B0085F584 /* TabItem.swift */ = {isa = PBXFileReference; lastKnownFileType = sourcecode.swift; path = TabItem.swift; sourceTree = "<group>"; };
		95FF4B4A29AF91650085F584 /* Constants.swift */ = {isa = PBXFileReference; lastKnownFileType = sourcecode.swift; path = Constants.swift; sourceTree = "<group>"; };
		95FF4B4F29AF96F80085F584 /* Color+Helper.swift */ = {isa = PBXFileReference; lastKnownFileType = sourcecode.swift; path = "Color+Helper.swift"; sourceTree = "<group>"; };
		95FF4B5129AF9B900085F584 /* TabItemView.swift */ = {isa = PBXFileReference; lastKnownFileType = sourcecode.swift; path = TabItemView.swift; sourceTree = "<group>"; };
/* End PBXFileReference section */

/* Begin PBXFrameworksBuildPhase section */
		95FF4B0C29AF8A790085F584 /* Frameworks */ = {
			isa = PBXFrameworksBuildPhase;
			buildActionMask = 2147483647;
			files = (
			);
			runOnlyForDeploymentPostprocessing = 0;
		};
		95FF4B1C29AF8A7B0085F584 /* Frameworks */ = {
			isa = PBXFrameworksBuildPhase;
			buildActionMask = 2147483647;
			files = (
			);
			runOnlyForDeploymentPostprocessing = 0;
		};
		95FF4B2629AF8A7B0085F584 /* Frameworks */ = {
			isa = PBXFrameworksBuildPhase;
			buildActionMask = 2147483647;
			files = (
			);
			runOnlyForDeploymentPostprocessing = 0;
		};
/* End PBXFrameworksBuildPhase section */

/* Begin PBXGroup section */
		95FF4B0629AF8A790085F584 = {
			isa = PBXGroup;
			children = (
				95FF4B1129AF8A790085F584 /* HealthTabs */,
				95FF4B2229AF8A7B0085F584 /* HealthTabsTests */,
				95FF4B2C29AF8A7B0085F584 /* HealthTabsUITests */,
				95FF4B1029AF8A790085F584 /* Products */,
			);
			sourceTree = "<group>";
		};
		95FF4B1029AF8A790085F584 /* Products */ = {
			isa = PBXGroup;
			children = (
				95FF4B0F29AF8A790085F584 /* HealthTabs.app */,
				95FF4B1F29AF8A7B0085F584 /* HealthTabsTests.xctest */,
				95FF4B2929AF8A7B0085F584 /* HealthTabsUITests.xctest */,
			);
			name = Products;
			sourceTree = "<group>";
		};
		95FF4B1129AF8A790085F584 /* HealthTabs */ = {
			isa = PBXGroup;
			children = (
				95FF4B3F29AF8C2A0085F584 /* Notes.md */,
				95FF4B3E29AF8BD00085F584 /* Task.pdf */,
				95FF4B3D29AF8BC20085F584 /* App */,
				95FF4B4E29AF96E00085F584 /* Extension */,
				95FF4B4129AF8D4D0085F584 /* Model */,
				95FF4B4029AF8D440085F584 /* View */,
				95FF4B1829AF8A7B0085F584 /* Preview Content */,
			);
			path = HealthTabs;
			sourceTree = "<group>";
		};
		95FF4B1829AF8A7B0085F584 /* Preview Content */ = {
			isa = PBXGroup;
			children = (
				95FF4B1929AF8A7B0085F584 /* Preview Assets.xcassets */,
			);
			path = "Preview Content";
			sourceTree = "<group>";
		};
		95FF4B2229AF8A7B0085F584 /* HealthTabsTests */ = {
			isa = PBXGroup;
			children = (
				95FF4B2329AF8A7B0085F584 /* HealthTabsTests.swift */,
			);
			path = HealthTabsTests;
			sourceTree = "<group>";
		};
		95FF4B2C29AF8A7B0085F584 /* HealthTabsUITests */ = {
			isa = PBXGroup;
			children = (
				95FF4B2D29AF8A7B0085F584 /* HealthTabsUITests.swift */,
				95FF4B2F29AF8A7B0085F584 /* HealthTabsUITestsLaunchTests.swift */,
			);
			path = HealthTabsUITests;
			sourceTree = "<group>";
		};
		95FF4B3D29AF8BC20085F584 /* App */ = {
			isa = PBXGroup;
			children = (
				95FF4B1629AF8A7B0085F584 /* Assets.xcassets */,
				95FF4B1229AF8A790085F584 /* HealthTabsApp.swift */,
				95FF4B4A29AF91650085F584 /* Constants.swift */,
			);
			path = App;
			sourceTree = "<group>";
		};
		95FF4B4029AF8D440085F584 /* View */ = {
			isa = PBXGroup;
			children = (
				95FF4B1429AF8A790085F584 /* ContentView.swift */,
				95FF4B5129AF9B900085F584 /* TabItemView.swift */,
				95FF4B4229AF8D5A0085F584 /* Covid Tab */,
				95FF4B4329AF8D790085F584 /* Health Tab */,
			);
			path = View;
			sourceTree = "<group>";
		};
		95FF4B4129AF8D4D0085F584 /* Model */ = {
			isa = PBXGroup;
			children = (
				95FF4B4829AF8E5B0085F584 /* TabItem.swift */,
			);
			path = Model;
			sourceTree = "<group>";
		};
		95FF4B4229AF8D5A0085F584 /* Covid Tab */ = {
			isa = PBXGroup;
			children = (
				95FF4B4429AF8DCD0085F584 /* CovidView.swift */,
			);
			path = "Covid Tab";
			sourceTree = "<group>";
		};
		95FF4B4329AF8D790085F584 /* Health Tab */ = {
			isa = PBXGroup;
			children = (
				95FF4B4629AF8DDA0085F584 /* HealthView.swift */,
			);
			path = "Health Tab";
			sourceTree = "<group>";
		};
		95FF4B4E29AF96E00085F584 /* Extension */ = {
			isa = PBXGroup;
			children = (
				95FF4B4F29AF96F80085F584 /* Color+Helper.swift */,
			);
			path = Extension;
			sourceTree = "<group>";
		};
/* End PBXGroup section */

/* Begin PBXNativeTarget section */
		95FF4B0E29AF8A790085F584 /* HealthTabs */ = {
			isa = PBXNativeTarget;
			buildConfigurationList = 95FF4B3329AF8A7B0085F584 /* Build configuration list for PBXNativeTarget "HealthTabs" */;
			buildPhases = (
				95FF4B0B29AF8A790085F584 /* Sources */,
				95FF4B0C29AF8A790085F584 /* Frameworks */,
				95FF4B0D29AF8A790085F584 /* Resources */,
				95FF4B3C29AF8AD90085F584 /* Run SwiftLint */,
			);
			buildRules = (
			);
			dependencies = (
			);
			name = HealthTabs;
			productName = HealthTabs;
			productReference = 95FF4B0F29AF8A790085F584 /* HealthTabs.app */;
			productType = "com.apple.product-type.application";
		};
		95FF4B1E29AF8A7B0085F584 /* HealthTabsTests */ = {
			isa = PBXNativeTarget;
			buildConfigurationList = 95FF4B3629AF8A7B0085F584 /* Build configuration list for PBXNativeTarget "HealthTabsTests" */;
			buildPhases = (
				95FF4B1B29AF8A7B0085F584 /* Sources */,
				95FF4B1C29AF8A7B0085F584 /* Frameworks */,
				95FF4B1D29AF8A7B0085F584 /* Resources */,
			);
			buildRules = (
			);
			dependencies = (
				95FF4B2129AF8A7B0085F584 /* PBXTargetDependency */,
			);
			name = HealthTabsTests;
			productName = HealthTabsTests;
			productReference = 95FF4B1F29AF8A7B0085F584 /* HealthTabsTests.xctest */;
			productType = "com.apple.product-type.bundle.unit-test";
		};
		95FF4B2829AF8A7B0085F584 /* HealthTabsUITests */ = {
			isa = PBXNativeTarget;
			buildConfigurationList = 95FF4B3929AF8A7B0085F584 /* Build configuration list for PBXNativeTarget "HealthTabsUITests" */;
			buildPhases = (
				95FF4B2529AF8A7B0085F584 /* Sources */,
				95FF4B2629AF8A7B0085F584 /* Frameworks */,
				95FF4B2729AF8A7B0085F584 /* Resources */,
			);
			buildRules = (
			);
			dependencies = (
				95FF4B2B29AF8A7B0085F584 /* PBXTargetDependency */,
			);
			name = HealthTabsUITests;
			productName = HealthTabsUITests;
			productReference = 95FF4B2929AF8A7B0085F584 /* HealthTabsUITests.xctest */;
			productType = "com.apple.product-type.bundle.ui-testing";
		};
/* End PBXNativeTarget section */

/* Begin PBXProject section */
		95FF4B0729AF8A790085F584 /* Project object */ = {
			isa = PBXProject;
			attributes = {
				BuildIndependentTargetsInParallel = 1;
				LastSwiftUpdateCheck = 1410;
				LastUpgradeCheck = 1410;
				TargetAttributes = {
					95FF4B0E29AF8A790085F584 = {
						CreatedOnToolsVersion = 14.1;
					};
					95FF4B1E29AF8A7B0085F584 = {
						CreatedOnToolsVersion = 14.1;
						TestTargetID = 95FF4B0E29AF8A790085F584;
					};
					95FF4B2829AF8A7B0085F584 = {
						CreatedOnToolsVersion = 14.1;
						TestTargetID = 95FF4B0E29AF8A790085F584;
					};
				};
			};
			buildConfigurationList = 95FF4B0A29AF8A790085F584 /* Build configuration list for PBXProject "HealthTabs" */;
			compatibilityVersion = "Xcode 14.0";
			developmentRegion = en;
			hasScannedForEncodings = 0;
			knownRegions = (
				en,
				Base,
			);
			mainGroup = 95FF4B0629AF8A790085F584;
			productRefGroup = 95FF4B1029AF8A790085F584 /* Products */;
			projectDirPath = "";
			projectRoot = "";
			targets = (
				95FF4B0E29AF8A790085F584 /* HealthTabs */,
				95FF4B1E29AF8A7B0085F584 /* HealthTabsTests */,
				95FF4B2829AF8A7B0085F584 /* HealthTabsUITests */,
			);
		};
/* End PBXProject section */

/* Begin PBXResourcesBuildPhase section */
		95FF4B0D29AF8A790085F584 /* Resources */ = {
			isa = PBXResourcesBuildPhase;
			buildActionMask = 2147483647;
			files = (
				95FF4B1A29AF8A7B0085F584 /* Preview Assets.xcassets in Resources */,
				95FF4B1729AF8A7B0085F584 /* Assets.xcassets in Resources */,
			);
			runOnlyForDeploymentPostprocessing = 0;
		};
		95FF4B1D29AF8A7B0085F584 /* Resources */ = {
			isa = PBXResourcesBuildPhase;
			buildActionMask = 2147483647;
			files = (
			);
			runOnlyForDeploymentPostprocessing = 0;
		};
		95FF4B2729AF8A7B0085F584 /* Resources */ = {
			isa = PBXResourcesBuildPhase;
			buildActionMask = 2147483647;
			files = (
			);
			runOnlyForDeploymentPostprocessing = 0;
		};
/* End PBXResourcesBuildPhase section */

/* Begin PBXShellScriptBuildPhase section */
		95FF4B3C29AF8AD90085F584 /* Run SwiftLint */ = {
			isa = PBXShellScriptBuildPhase;
			alwaysOutOfDate = 1;
			buildActionMask = 2147483647;
			files = (
			);
			inputFileListPaths = (
			);
			inputPaths = (
			);
			name = "Run SwiftLint";
			outputFileListPaths = (
			);
			outputPaths = (
			);
			runOnlyForDeploymentPostprocessing = 0;
			shellPath = /bin/sh;
			shellScript = "if which swiftlint >/dev/null; then  \n  swiftlint  \nelse  \n  echo \"warning: SwiftLint not installed, download from https://github.com/realm/SwiftLint\"  \nfi\n";
		};
/* End PBXShellScriptBuildPhase section */

/* Begin PBXSourcesBuildPhase section */
		95FF4B0B29AF8A790085F584 /* Sources */ = {
			isa = PBXSourcesBuildPhase;
			buildActionMask = 2147483647;
			files = (
				95FF4B5229AF9B900085F584 /* TabItemView.swift in Sources */,
				95FF4B4729AF8DDA0085F584 /* HealthView.swift in Sources */,
				95FF4B1529AF8A790085F584 /* ContentView.swift in Sources */,
				95FF4B1329AF8A790085F584 /* HealthTabsApp.swift in Sources */,
				95FF4B4929AF8E5B0085F584 /* TabItem.swift in Sources */,
				95FF4B4529AF8DCD0085F584 /* CovidView.swift in Sources */,
				95FF4B4B29AF91650085F584 /* Constants.swift in Sources */,
				95FF4B5029AF96F80085F584 /* Color+Helper.swift in Sources */,
			);
			runOnlyForDeploymentPostprocessing = 0;
		};
		95FF4B1B29AF8A7B0085F584 /* Sources */ = {
			isa = PBXSourcesBuildPhase;
			buildActionMask = 2147483647;
			files = (
				95FF4B2429AF8A7B0085F584 /* HealthTabsTests.swift in Sources */,
			);
			runOnlyForDeploymentPostprocessing = 0;
		};
		95FF4B2529AF8A7B0085F584 /* Sources */ = {
			isa = PBXSourcesBuildPhase;
			buildActionMask = 2147483647;
			files = (
				95FF4B3029AF8A7B0085F584 /* HealthTabsUITestsLaunchTests.swift in Sources */,
				95FF4B2E29AF8A7B0085F584 /* HealthTabsUITests.swift in Sources */,
			);
			runOnlyForDeploymentPostprocessing = 0;
		};
/* End PBXSourcesBuildPhase section */

/* Begin PBXTargetDependency section */
		95FF4B2129AF8A7B0085F584 /* PBXTargetDependency */ = {
			isa = PBXTargetDependency;
			target = 95FF4B0E29AF8A790085F584 /* HealthTabs */;
			targetProxy = 95FF4B2029AF8A7B0085F584 /* PBXContainerItemProxy */;
		};
		95FF4B2B29AF8A7B0085F584 /* PBXTargetDependency */ = {
			isa = PBXTargetDependency;
			target = 95FF4B0E29AF8A790085F584 /* HealthTabs */;
			targetProxy = 95FF4B2A29AF8A7B0085F584 /* PBXContainerItemProxy */;
		};
/* End PBXTargetDependency section */

/* Begin XCBuildConfiguration section */
		95FF4B3129AF8A7B0085F584 /* Debug */ = {
			isa = XCBuildConfiguration;
			buildSettings = {
				ALWAYS_SEARCH_USER_PATHS = NO;
				CLANG_ANALYZER_NONNULL = YES;
				CLANG_ANALYZER_NUMBER_OBJECT_CONVERSION = YES_AGGRESSIVE;
				CLANG_CXX_LANGUAGE_STANDARD = "gnu++20";
				CLANG_ENABLE_MODULES = YES;
				CLANG_ENABLE_OBJC_ARC = YES;
				CLANG_ENABLE_OBJC_WEAK = YES;
				CLANG_WARN_BLOCK_CAPTURE_AUTORELEASING = YES;
				CLANG_WARN_BOOL_CONVERSION = YES;
				CLANG_WARN_COMMA = YES;
				CLANG_WARN_CONSTANT_CONVERSION = YES;
				CLANG_WARN_DEPRECATED_OBJC_IMPLEMENTATIONS = YES;
				CLANG_WARN_DIRECT_OBJC_ISA_USAGE = YES_ERROR;
				CLANG_WARN_DOCUMENTATION_COMMENTS = YES;
				CLANG_WARN_EMPTY_BODY = YES;
				CLANG_WARN_ENUM_CONVERSION = YES;
				CLANG_WARN_INFINITE_RECURSION = YES;
				CLANG_WARN_INT_CONVERSION = YES;
				CLANG_WARN_NON_LITERAL_NULL_CONVERSION = YES;
				CLANG_WARN_OBJC_IMPLICIT_RETAIN_SELF = YES;
				CLANG_WARN_OBJC_LITERAL_CONVERSION = YES;
				CLANG_WARN_OBJC_ROOT_CLASS = YES_ERROR;
				CLANG_WARN_QUOTED_INCLUDE_IN_FRAMEWORK_HEADER = YES;
				CLANG_WARN_RANGE_LOOP_ANALYSIS = YES;
				CLANG_WARN_STRICT_PROTOTYPES = YES;
				CLANG_WARN_SUSPICIOUS_MOVE = YES;
				CLANG_WARN_UNGUARDED_AVAILABILITY = YES_AGGRESSIVE;
				CLANG_WARN_UNREACHABLE_CODE = YES;
				CLANG_WARN__DUPLICATE_METHOD_MATCH = YES;
				COPY_PHASE_STRIP = NO;
				DEBUG_INFORMATION_FORMAT = dwarf;
				ENABLE_STRICT_OBJC_MSGSEND = YES;
				ENABLE_TESTABILITY = YES;
				GCC_C_LANGUAGE_STANDARD = gnu11;
				GCC_DYNAMIC_NO_PIC = NO;
				GCC_NO_COMMON_BLOCKS = YES;
				GCC_OPTIMIZATION_LEVEL = 0;
				GCC_PREPROCESSOR_DEFINITIONS = (
					"DEBUG=1",
					"$(inherited)",
				);
				GCC_WARN_64_TO_32_BIT_CONVERSION = YES;
				GCC_WARN_ABOUT_RETURN_TYPE = YES_ERROR;
				GCC_WARN_UNDECLARED_SELECTOR = YES;
				GCC_WARN_UNINITIALIZED_AUTOS = YES_AGGRESSIVE;
				GCC_WARN_UNUSED_FUNCTION = YES;
				GCC_WARN_UNUSED_VARIABLE = YES;
				IPHONEOS_DEPLOYMENT_TARGET = 16.1;
				MTL_ENABLE_DEBUG_INFO = INCLUDE_SOURCE;
				MTL_FAST_MATH = YES;
				ONLY_ACTIVE_ARCH = YES;
				SDKROOT = iphoneos;
				SWIFT_ACTIVE_COMPILATION_CONDITIONS = DEBUG;
				SWIFT_OPTIMIZATION_LEVEL = "-Onone";
			};
			name = Debug;
		};
		95FF4B3229AF8A7B0085F584 /* Release */ = {
			isa = XCBuildConfiguration;
			buildSettings = {
				ALWAYS_SEARCH_USER_PATHS = NO;
				CLANG_ANALYZER_NONNULL = YES;
				CLANG_ANALYZER_NUMBER_OBJECT_CONVERSION = YES_AGGRESSIVE;
				CLANG_CXX_LANGUAGE_STANDARD = "gnu++20";
				CLANG_ENABLE_MODULES = YES;
				CLANG_ENABLE_OBJC_ARC = YES;
				CLANG_ENABLE_OBJC_WEAK = YES;
				CLANG_WARN_BLOCK_CAPTURE_AUTORELEASING = YES;
				CLANG_WARN_BOOL_CONVERSION = YES;
				CLANG_WARN_COMMA = YES;
				CLANG_WARN_CONSTANT_CONVERSION = YES;
				CLANG_WARN_DEPRECATED_OBJC_IMPLEMENTATIONS = YES;
				CLANG_WARN_DIRECT_OBJC_ISA_USAGE = YES_ERROR;
				CLANG_WARN_DOCUMENTATION_COMMENTS = YES;
				CLANG_WARN_EMPTY_BODY = YES;
				CLANG_WARN_ENUM_CONVERSION = YES;
				CLANG_WARN_INFINITE_RECURSION = YES;
				CLANG_WARN_INT_CONVERSION = YES;
				CLANG_WARN_NON_LITERAL_NULL_CONVERSION = YES;
				CLANG_WARN_OBJC_IMPLICIT_RETAIN_SELF = YES;
				CLANG_WARN_OBJC_LITERAL_CONVERSION = YES;
				CLANG_WARN_OBJC_ROOT_CLASS = YES_ERROR;
				CLANG_WARN_QUOTED_INCLUDE_IN_FRAMEWORK_HEADER = YES;
				CLANG_WARN_RANGE_LOOP_ANALYSIS = YES;
				CLANG_WARN_STRICT_PROTOTYPES = YES;
				CLANG_WARN_SUSPICIOUS_MOVE = YES;
				CLANG_WARN_UNGUARDED_AVAILABILITY = YES_AGGRESSIVE;
				CLANG_WARN_UNREACHABLE_CODE = YES;
				CLANG_WARN__DUPLICATE_METHOD_MATCH = YES;
				COPY_PHASE_STRIP = NO;
				DEBUG_INFORMATION_FORMAT = "dwarf-with-dsym";
				ENABLE_NS_ASSERTIONS = NO;
				ENABLE_STRICT_OBJC_MSGSEND = YES;
				GCC_C_LANGUAGE_STANDARD = gnu11;
				GCC_NO_COMMON_BLOCKS = YES;
				GCC_WARN_64_TO_32_BIT_CONVERSION = YES;
				GCC_WARN_ABOUT_RETURN_TYPE = YES_ERROR;
				GCC_WARN_UNDECLARED_SELECTOR = YES;
				GCC_WARN_UNINITIALIZED_AUTOS = YES_AGGRESSIVE;
				GCC_WARN_UNUSED_FUNCTION = YES;
				GCC_WARN_UNUSED_VARIABLE = YES;
				IPHONEOS_DEPLOYMENT_TARGET = 16.1;
				MTL_ENABLE_DEBUG_INFO = NO;
				MTL_FAST_MATH = YES;
				SDKROOT = iphoneos;
				SWIFT_COMPILATION_MODE = wholemodule;
				SWIFT_OPTIMIZATION_LEVEL = "-O";
				VALIDATE_PRODUCT = YES;
			};
			name = Release;
		};
		95FF4B3429AF8A7B0085F584 /* Debug */ = {
			isa = XCBuildConfiguration;
			buildSettings = {
				ASSETCATALOG_COMPILER_APPICON_NAME = AppIcon;
				ASSETCATALOG_COMPILER_GLOBAL_ACCENT_COLOR_NAME = AccentColor;
				CODE_SIGN_STYLE = Automatic;
				CURRENT_PROJECT_VERSION = 1;
				DEVELOPMENT_ASSET_PATHS = "\"HealthTabs/Preview Content\"";
				DEVELOPMENT_TEAM = 2PPJGDM8G7;
				ENABLE_PREVIEWS = YES;
				GENERATE_INFOPLIST_FILE = YES;
				INFOPLIST_KEY_UIApplicationSceneManifest_Generation = YES;
				INFOPLIST_KEY_UIApplicationSupportsIndirectInputEvents = YES;
				INFOPLIST_KEY_UILaunchScreen_Generation = YES;
				INFOPLIST_KEY_UISupportedInterfaceOrientations_iPad = "UIInterfaceOrientationPortrait UIInterfaceOrientationPortraitUpsideDown UIInterfaceOrientationLandscapeLeft UIInterfaceOrientationLandscapeRight";
				INFOPLIST_KEY_UISupportedInterfaceOrientations_iPhone = "UIInterfaceOrientationPortrait UIInterfaceOrientationLandscapeLeft UIInterfaceOrientationLandscapeRight";
				LD_RUNPATH_SEARCH_PATHS = (
					"$(inherited)",
					"@executable_path/Frameworks",
				);
				MARKETING_VERSION = 1.0;
				PRODUCT_BUNDLE_IDENTIFIER = com.ebco.HealthTabs;
				PRODUCT_NAME = "$(TARGET_NAME)";
				SWIFT_EMIT_LOC_STRINGS = YES;
				SWIFT_VERSION = 5.0;
				TARGETED_DEVICE_FAMILY = "1,2";
			};
			name = Debug;
		};
		95FF4B3529AF8A7B0085F584 /* Release */ = {
			isa = XCBuildConfiguration;
			buildSettings = {
				ASSETCATALOG_COMPILER_APPICON_NAME = AppIcon;
				ASSETCATALOG_COMPILER_GLOBAL_ACCENT_COLOR_NAME = AccentColor;
				CODE_SIGN_STYLE = Automatic;
				CURRENT_PROJECT_VERSION = 1;
				DEVELOPMENT_ASSET_PATHS = "\"HealthTabs/Preview Content\"";
				DEVELOPMENT_TEAM = 2PPJGDM8G7;
				ENABLE_PREVIEWS = YES;
				GENERATE_INFOPLIST_FILE = YES;
				INFOPLIST_KEY_UIApplicationSceneManifest_Generation = YES;
				INFOPLIST_KEY_UIApplicationSupportsIndirectInputEvents = YES;
				INFOPLIST_KEY_UILaunchScreen_Generation = YES;
				INFOPLIST_KEY_UISupportedInterfaceOrientations_iPad = "UIInterfaceOrientationPortrait UIInterfaceOrientationPortraitUpsideDown UIInterfaceOrientationLandscapeLeft UIInterfaceOrientationLandscapeRight";
				INFOPLIST_KEY_UISupportedInterfaceOrientations_iPhone = "UIInterfaceOrientationPortrait UIInterfaceOrientationLandscapeLeft UIInterfaceOrientationLandscapeRight";
				LD_RUNPATH_SEARCH_PATHS = (
					"$(inherited)",
					"@executable_path/Frameworks",
				);
				MARKETING_VERSION = 1.0;
				PRODUCT_BUNDLE_IDENTIFIER = com.ebco.HealthTabs;
				PRODUCT_NAME = "$(TARGET_NAME)";
				SWIFT_EMIT_LOC_STRINGS = YES;
				SWIFT_VERSION = 5.0;
				TARGETED_DEVICE_FAMILY = "1,2";
			};
			name = Release;
		};
		95FF4B3729AF8A7B0085F584 /* Debug */ = {
			isa = XCBuildConfiguration;
			buildSettings = {
				ALWAYS_EMBED_SWIFT_STANDARD_LIBRARIES = YES;
				BUNDLE_LOADER = "$(TEST_HOST)";
				CODE_SIGN_STYLE = Automatic;
				CURRENT_PROJECT_VERSION = 1;
				DEVELOPMENT_TEAM = 2PPJGDM8G7;
				GENERATE_INFOPLIST_FILE = YES;
				IPHONEOS_DEPLOYMENT_TARGET = 16.1;
				MARKETING_VERSION = 1.0;
				PRODUCT_BUNDLE_IDENTIFIER = com.ebco.HealthTabsTests;
				PRODUCT_NAME = "$(TARGET_NAME)";
				SWIFT_EMIT_LOC_STRINGS = NO;
				SWIFT_VERSION = 5.0;
				TARGETED_DEVICE_FAMILY = "1,2";
				TEST_HOST = "$(BUILT_PRODUCTS_DIR)/HealthTabs.app/$(BUNDLE_EXECUTABLE_FOLDER_PATH)/HealthTabs";
			};
			name = Debug;
		};
		95FF4B3829AF8A7B0085F584 /* Release */ = {
			isa = XCBuildConfiguration;
			buildSettings = {
				ALWAYS_EMBED_SWIFT_STANDARD_LIBRARIES = YES;
				BUNDLE_LOADER = "$(TEST_HOST)";
				CODE_SIGN_STYLE = Automatic;
				CURRENT_PROJECT_VERSION = 1;
				DEVELOPMENT_TEAM = 2PPJGDM8G7;
				GENERATE_INFOPLIST_FILE = YES;
				IPHONEOS_DEPLOYMENT_TARGET = 16.1;
				MARKETING_VERSION = 1.0;
				PRODUCT_BUNDLE_IDENTIFIER = com.ebco.HealthTabsTests;
				PRODUCT_NAME = "$(TARGET_NAME)";
				SWIFT_EMIT_LOC_STRINGS = NO;
				SWIFT_VERSION = 5.0;
				TARGETED_DEVICE_FAMILY = "1,2";
				TEST_HOST = "$(BUILT_PRODUCTS_DIR)/HealthTabs.app/$(BUNDLE_EXECUTABLE_FOLDER_PATH)/HealthTabs";
			};
			name = Release;
		};
		95FF4B3A29AF8A7B0085F584 /* Debug */ = {
			isa = XCBuildConfiguration;
			buildSettings = {
				ALWAYS_EMBED_SWIFT_STANDARD_LIBRARIES = YES;
				CODE_SIGN_STYLE = Automatic;
				CURRENT_PROJECT_VERSION = 1;
				DEVELOPMENT_TEAM = 2PPJGDM8G7;
				GENERATE_INFOPLIST_FILE = YES;
				MARKETING_VERSION = 1.0;
				PRODUCT_BUNDLE_IDENTIFIER = com.ebco.HealthTabsUITests;
				PRODUCT_NAME = "$(TARGET_NAME)";
				SWIFT_EMIT_LOC_STRINGS = NO;
				SWIFT_VERSION = 5.0;
				TARGETED_DEVICE_FAMILY = "1,2";
				TEST_TARGET_NAME = HealthTabs;
			};
			name = Debug;
		};
		95FF4B3B29AF8A7B0085F584 /* Release */ = {
			isa = XCBuildConfiguration;
			buildSettings = {
				ALWAYS_EMBED_SWIFT_STANDARD_LIBRARIES = YES;
				CODE_SIGN_STYLE = Automatic;
				CURRENT_PROJECT_VERSION = 1;
				DEVELOPMENT_TEAM = 2PPJGDM8G7;
				GENERATE_INFOPLIST_FILE = YES;
				MARKETING_VERSION = 1.0;
				PRODUCT_BUNDLE_IDENTIFIER = com.ebco.HealthTabsUITests;
				PRODUCT_NAME = "$(TARGET_NAME)";
				SWIFT_EMIT_LOC_STRINGS = NO;
				SWIFT_VERSION = 5.0;
				TARGETED_DEVICE_FAMILY = "1,2";
				TEST_TARGET_NAME = HealthTabs;
			};
			name = Release;
		};
/* End XCBuildConfiguration section */

/* Begin XCConfigurationList section */
		95FF4B0A29AF8A790085F584 /* Build configuration list for PBXProject "HealthTabs" */ = {
			isa = XCConfigurationList;
			buildConfigurations = (
				95FF4B3129AF8A7B0085F584 /* Debug */,
				95FF4B3229AF8A7B0085F584 /* Release */,
			);
			defaultConfigurationIsVisible = 0;
			defaultConfigurationName = Release;
		};
		95FF4B3329AF8A7B0085F584 /* Build configuration list for PBXNativeTarget "HealthTabs" */ = {
			isa = XCConfigurationList;
			buildConfigurations = (
				95FF4B3429AF8A7B0085F584 /* Debug */,
				95FF4B3529AF8A7B0085F584 /* Release */,
			);
			defaultConfigurationIsVisible = 0;
			defaultConfigurationName = Release;
		};
		95FF4B3629AF8A7B0085F584 /* Build configuration list for PBXNativeTarget "HealthTabsTests" */ = {
			isa = XCConfigurationList;
			buildConfigurations = (
				95FF4B3729AF8A7B0085F584 /* Debug */,
				95FF4B3829AF8A7B0085F584 /* Release */,
			);
			defaultConfigurationIsVisible = 0;
			defaultConfigurationName = Release;
		};
		95FF4B3929AF8A7B0085F584 /* Build configuration list for PBXNativeTarget "HealthTabsUITests" */ = {
			isa = XCConfigurationList;
			buildConfigurations = (
				95FF4B3A29AF8A7B0085F584 /* Debug */,
				95FF4B3B29AF8A7B0085F584 /* Release */,
			);
			defaultConfigurationIsVisible = 0;
			defaultConfigurationName = Release;
		};
/* End XCConfigurationList section */
	};
	rootObject = 95FF4B0729AF8A790085F584 /* Project object */;
}
